<?xml version="1.0" encoding="utf-8"?>
<Project ToolsVersion="4.0" xmlns="http://schemas.microsoft.com/developer/msbuild/2003">
  <ItemGroup>
    <ClCompile Include="includes\MinHook\MHHelper.cpp" />
    <ClCompile Include="includes\ImGui\imgui.cpp" />
    <ClCompile Include="includes\ImGui\imgui_demo.cpp" />
    <ClCompile Include="includes\ImGui\imgui_draw.cpp" />
    <ClCompile Include="includes\ImGui\imgui_impl_dx11.cpp" />
    <ClCompile Include="includes\ImGui\imgui_impl_win32.cpp" />
    <ClCompile Include="includes\ImGui\imgui_tables.cpp" />
    <ClCompile Include="includes\ImGui\imgui_widgets.cpp" />
    <ClCompile Include="src\main.cpp" />
    <ClCompile Include="src\utils\il2cpp\c_il2cpp.cpp" />
    <ClCompile Include="src\common\c_gvars.cpp" />
    <ClCompile Include="src\hooks\c_game_hooks.cpp" />
    <ClCompile Include="src\hooks\t_game_hook.cpp" />
    <ClCompile Include="src\utils\c_utils.cpp" />
    <ClCompile Include="src\game\c_game_data.cpp" />
    <ClCompile Include="src\game\t_player_data.cpp" />
    <ClCompile Include="src\game\t_entity_data.cpp" />
    <ClCompile Include="src\hooks\c_directx.cpp" />
    <ClCompile Include="src\renderer\c_drawlist.cpp" />
    <ClCompile Include="src\renderer\c_render.cpp" />
    <ClCompile Include="src\overlay\menu\c_menu.cpp" />
    <ClCompile Include="src\overlay\menu\utils\c_font_manager.cpp" />
    <ClCompile Include="src\sdk\unity\c_camera.cpp" />
    <ClCompile Include="src\sdk\unity\c_component.cpp" />
    <ClCompile Include="src\sdk\unity\c_object.cpp" />
    <ClCompile Include="src\sdk\c_client.cpp" />
    <ClCompile Include="src\common\config\c_config_manager.cpp" />
    <ClCompile Include="src\common\config\settings\aimbot\t_aimbot_settings.cpp" />
    <ClCompile Include="src\common\config\t_config_variables.cpp" />
    <ClCompile Include="src\common\config\settings\misc\t_misc_settings.cpp" />
    <ClCompile Include="src\common\config\settings\visuals\t_visuals_settings.cpp" />
    <ClCompile Include="src\common\config\settings\widgets\t_widgets_settings.cpp" />
    <ClCompile Include="src\common\config\c_config_item.cpp" />
    <ClCompile Include="src\common\config\settings\visuals\world\t_visuals_world_settings.cpp" />
    <ClCompile Include="includes\ImGui\edited\imgui_edited.cpp" />
    <ClCompile Include="src\overlay\menu\utils\c_configs_list.cpp" />
    <ClCompile Include="src\sdk\unity\c_render_settings.cpp" />
    <ClCompile Include="src\features\visuals\c_visuals.cpp" />
    <ClCompile Include="src\features\visuals\overlay\c_draw_world.cpp" />
    <ClCompile Include="src\common\config\settings\visuals\local\t_visuals_local_settings.cpp" />
    <ClCompile Include="src\features\visuals\overlay\c_draw_local.cpp" />
    <ClCompile Include="src\sdk\c_sky.cpp" />
    <ClCompile Include="src\sdk\unity\c_material.cpp" />
    <ClCompile Include="src\sdk\unity\c_shader.cpp" />
    <ClCompile Include="src\sdk\unity\c_il2cpp_reference_array.cpp" />
    <ClCompile Include="src\sdk\unity\c_asset_bundle.cpp" />
    <ClCompile Include="src\sdk\unity\c_asset_bundle_create_request.cpp" />
    <ClCompile Include="src\sdk\unity\s_color.cpp" />
    <ClCompile Include="src\assets\c_asset_bundle_manager.cpp" />
    <ClCompile Include="src\sdk\unity\c_transform.cpp" />
    <ClCompile Include="src\sdk\unity\c_renderer.cpp" />
    <ClCompile Include="src\sdk\unity\c_game_object.cpp" />
    <ClCompile Include="src\sdk\unity\c_skinned_mesh_renderer.cpp" />
    <ClCompile Include="src\sdk\unity\c_mesh_renderer.cpp" />
  </ItemGroup>
  <ItemGroup>
    <ClInclude Include="includes\MinHook\MHHelper.h" />
    <ClInclude Include="includes\MinHook\MinHook.h" />
    <ClInclude Include="src\includes.h" />
    <ClInclude Include="src\const.h" />
    <ClInclude Include="includes\ImGui\imgui.h" />
    <ClInclude Include="includes\ImGui\imgui_impl_dx11.h" />
    <ClInclude Include="includes\ImGui\imgui_impl_win32.h" />
    <ClInclude Include="includes\ImGui\imgui_internal.h" />
    <ClInclude Include="includes\ImGui\imstb_rectpack.h" />
    <ClInclude Include="includes\ImGui\imstb_textedit.h" />
    <ClInclude Include="includes\ImGui\imstb_truetype.h" />
    <ClInclude Include="includes\ImGui\imgui_settings.h" />
    <ClInclude Include="includes\ImGui\imconfig.h" />
    <ClInclude Include="includes\nlohmann\json.hpp" />
    <ClInclude Include="src\utils\memory.h" />
    <ClInclude Include="src\utils\il2cpp\c_il2cpp.h" />
    <ClInclude Include="includes\libil2cpp\il2cpp-metadata.h" />
    <ClInclude Include="src\common\c_gvars.h" />
    <ClInclude Include="src\security\xorstr.h" />
    <ClInclude Include="src\hooks\c_game_hooks.h" />
    <ClInclude Include="src\hooks\t_game_hook.h" />
    <ClInclude Include="src\utils\c_utils.h" />
    <ClInclude Include="src\game\c_game_data.h" />
    <ClInclude Include="src\game\t_player_data.h" />
    <ClInclude Include="src\game\t_entity_data.h" />
    <ClInclude Include="src\hooks\c_directx.h" />
    <ClInclude Include="src\renderer\c_drawlist.h" />
    <ClInclude Include="src\renderer\c_render.h" />
    <ClInclude Include="src\renderer\enums\e_font_flag_list.h" />
    <ClInclude Include="src\overlay\menu\c_menu.h" />
    <ClInclude Include="src\overlay\menu\utils\c_font_manager.h" />
    <ClInclude Include="src\overlay\menu\enums\e_font_type.h" />
    <ClInclude Include="src\overlay\menu\fonts\lexend_regular.h" />
    <ClInclude Include="src\overlay\menu\fonts\lexend_bold.h" />
    <ClInclude Include="src\overlay\menu\fonts\icomoon.h" />
    <ClInclude Include="src\overlay\menu\fonts\icomoon_widget.h" />
    <ClInclude Include="src\sdk\unity\c_camera.h" />
    <ClInclude Include="src\sdk\unity\c_component.h" />
    <ClInclude Include="src\sdk\unity\c_object.h" />
    <ClInclude Include="src\sdk\c_client.h" />
    <ClInclude Include="src\common\config\c_config_manager.h" />
    <ClInclude Include="src\common\config\settings\aimbot\t_aimbot_settings.h" />
    <ClInclude Include="src\common\config\t_config_variables.h" />
    <ClInclude Include="src\common\config\settings\misc\t_misc_settings.h" />
    <ClInclude Include="src\common\config\settings\visuals\t_visuals_settings.h" />
    <ClInclude Include="src\common\config\settings\widgets\t_widgets_settings.h" />
    <ClInclude Include="src\common\config\c_config_item.h" />
    <ClInclude Include="src\common\config\settings\visuals\world\t_visuals_world_settings.h" />
    <ClInclude Include="includes\ImGui\edited\imgui_edited.h" />
    <ClInclude Include="src\overlay\menu\utils\c_configs_list.h" />
    <ClInclude Include="src\sdk\unity\c_render_settings.h" />
    <ClInclude Include="src\features\visuals\c_visuals.h" />
    <ClInclude Include="src\features\visuals\overlay\c_draw_world.h" />
    <ClInclude Include="src\common\config\settings\visuals\local\t_visuals_local_settings.h" />
    <ClInclude Include="src\features\visuals\overlay\c_draw_local.h" />
    <ClInclude Include="src\sdk\c_sky.h" />
    <ClInclude Include="src\sdk\unity\c_material.h" />
    <ClInclude Include="src\sdk\unity\c_shader.h" />
    <ClInclude Include="src\sdk\unity\c_il2cpp_reference_array.h" />
    <ClInclude Include="src\sdk\unity\c_asset_bundle.h" />
    <ClInclude Include="src\assets\bytes\asset_bundle.h" />
    <ClInclude Include="src\sdk\unity\c_asset_bundle_create_request.h" />
    <ClInclude Include="src\sdk\unity\s_color.h" />
    <ClInclude Include="src\assets\c_asset_bundle_manager.h" />
    <ClInclude Include="src\assets\enums\e_material_type.h" />
    <ClInclude Include="src\assets\enums\e_shader_type.h" />
    <ClInclude Include="src\sdk\unity\c_transform.h" />
    <ClInclude Include="src\sdk\unity\c_renderer.h" />
    <ClInclude Include="src\sdk\unity\c_game_object.h" />
    <ClInclude Include="src\sdk\unity\c_skinned_mesh_renderer.h" />
    <ClInclude Include="src\sdk\unity\c_mesh_renderer.h" />
  </ItemGroup>
</Project>